// !$*UTF8*$!
{
	archiveVersion = 1;
	classes = {
	};
	objectVersion = 56;
	objects = {

/* Begin PBXBuildFile section */
		44C74D8F837258D613CFF712 /* Pods_BiliMonitor.framework in Frameworks */ = {isa = PBXBuildFile; fileRef = 3CEDB94967E3F0B29918EF19 /* Pods_BiliMonitor.framework */; };
		D30EE167293B469800AB79BD /* EnvModel.swift in Sources */ = {isa = PBXBuildFile; fileRef = D30EE166293B469800AB79BD /* EnvModel.swift */; };
		D30EE169293B4B3400AB79BD /* CommentModel.swift in Sources */ = {isa = PBXBuildFile; fileRef = D30EE168293B4B3400AB79BD /* CommentModel.swift */; };
		D30EE16B293B65FE00AB79BD /* TimeUtil.swift in Sources */ = {isa = PBXBuildFile; fileRef = D30EE16A293B65FE00AB79BD /* TimeUtil.swift */; };
		D343747A29387EA000C53E7D /* BiliMonitorApp.swift in Sources */ = {isa = PBXBuildFile; fileRef = D343747929387EA000C53E7D /* BiliMonitorApp.swift */; };
		D343747C29387EA000C53E7D /* ContentView.swift in Sources */ = {isa = PBXBuildFile; fileRef = D343747B29387EA000C53E7D /* ContentView.swift */; };
		D343747E29387EA200C53E7D /* Assets.xcassets in Resources */ = {isa = PBXBuildFile; fileRef = D343747D29387EA200C53E7D /* Assets.xcassets */; };
		D343748129387EA200C53E7D /* Preview Assets.xcassets in Resources */ = {isa = PBXBuildFile; fileRef = D343748029387EA200C53E7D /* Preview Assets.xcassets */; };
		D34374882938844800C53E7D /* DynamicModel.swift in Sources */ = {isa = PBXBuildFile; fileRef = D34374872938844800C53E7D /* DynamicModel.swift */; };
		D343748A2938868600C53E7D /* NetManager.swift in Sources */ = {isa = PBXBuildFile; fileRef = D34374892938868600C53E7D /* NetManager.swift */; };
		D3E45A5529390591002C20F2 /* DynsView.swift in Sources */ = {isa = PBXBuildFile; fileRef = D3E45A5429390591002C20F2 /* DynsView.swift */; };
		D3E45A5A2939AE0C002C20F2 /* ColorUtil.swift in Sources */ = {isa = PBXBuildFile; fileRef = D3E45A592939AE0C002C20F2 /* ColorUtil.swift */; };
		D3E45A5D2939E77F002C20F2 /* UperModel.swift in Sources */ = {isa = PBXBuildFile; fileRef = D3E45A5C2939E77F002C20F2 /* UperModel.swift */; };
		D3E45A602939F1A5002C20F2 /* CommentsView.swift in Sources */ = {isa = PBXBuildFile; fileRef = D3E45A5F2939F1A5002C20F2 /* CommentsView.swift */; };
/* End PBXBuildFile section */

/* Begin PBXFileReference section */
		0EC469EB820438FBC352F366 /* Pods-BiliMonitor.debug.xcconfig */ = {isa = PBXFileReference; includeInIndex = 1; lastKnownFileType = text.xcconfig; name = "Pods-BiliMonitor.debug.xcconfig"; path = "Target Support Files/Pods-BiliMonitor/Pods-BiliMonitor.debug.xcconfig"; sourceTree = "<group>"; };
		3CEDB94967E3F0B29918EF19 /* Pods_BiliMonitor.framework */ = {isa = PBXFileReference; explicitFileType = wrapper.framework; includeInIndex = 0; path = Pods_BiliMonitor.framework; sourceTree = BUILT_PRODUCTS_DIR; };
		3E74CDB653C5B0C8914D9C45 /* Pods-BiliMonitor.release.xcconfig */ = {isa = PBXFileReference; includeInIndex = 1; lastKnownFileType = text.xcconfig; name = "Pods-BiliMonitor.release.xcconfig"; path = "Target Support Files/Pods-BiliMonitor/Pods-BiliMonitor.release.xcconfig"; sourceTree = "<group>"; };
		D30EE166293B469800AB79BD /* EnvModel.swift */ = {isa = PBXFileReference; lastKnownFileType = sourcecode.swift; path = EnvModel.swift; sourceTree = "<group>"; };
		D30EE168293B4B3400AB79BD /* CommentModel.swift */ = {isa = PBXFileReference; lastKnownFileType = sourcecode.swift; path = CommentModel.swift; sourceTree = "<group>"; };
		D30EE16A293B65FE00AB79BD /* TimeUtil.swift */ = {isa = PBXFileReference; lastKnownFileType = sourcecode.swift; path = TimeUtil.swift; sourceTree = "<group>"; };
		D343747629387EA000C53E7D /* BiliMonitor.app */ = {isa = PBXFileReference; explicitFileType = wrapper.application; includeInIndex = 0; path = BiliMonitor.app; sourceTree = BUILT_PRODUCTS_DIR; };
		D343747929387EA000C53E7D /* BiliMonitorApp.swift */ = {isa = PBXFileReference; lastKnownFileType = sourcecode.swift; path = BiliMonitorApp.swift; sourceTree = "<group>"; };
		D343747B29387EA000C53E7D /* ContentView.swift */ = {isa = PBXFileReference; lastKnownFileType = sourcecode.swift; path = ContentView.swift; sourceTree = "<group>"; };
		D343747D29387EA200C53E7D /* Assets.xcassets */ = {isa = PBXFileReference; lastKnownFileType = folder.assetcatalog; path = Assets.xcassets; sourceTree = "<group>"; };
		D343748029387EA200C53E7D /* Preview Assets.xcassets */ = {isa = PBXFileReference; lastKnownFileType = folder.assetcatalog; path = "Preview Assets.xcassets"; sourceTree = "<group>"; };
		D34374872938844800C53E7D /* DynamicModel.swift */ = {isa = PBXFileReference; lastKnownFileType = sourcecode.swift; path = DynamicModel.swift; sourceTree = "<group>"; };
		D34374892938868600C53E7D /* NetManager.swift */ = {isa = PBXFileReference; lastKnownFileType = sourcecode.swift; path = NetManager.swift; sourceTree = "<group>"; };
		D3E45A5429390591002C20F2 /* DynsView.swift */ = {isa = PBXFileReference; lastKnownFileType = sourcecode.swift; path = DynsView.swift; sourceTree = "<group>"; };
		D3E45A592939AE0C002C20F2 /* ColorUtil.swift */ = {isa = PBXFileReference; lastKnownFileType = sourcecode.swift; path = ColorUtil.swift; sourceTree = "<group>"; };
		D3E45A5B2939BBF7002C20F2 /* Info.plist */ = {isa = PBXFileReference; lastKnownFileType = text.plist; path = Info.plist; sourceTree = "<group>"; };
		D3E45A5C2939E77F002C20F2 /* UperModel.swift */ = {isa = PBXFileReference; lastKnownFileType = sourcecode.swift; path = UperModel.swift; sourceTree = "<group>"; };
		D3E45A5F2939F1A5002C20F2 /* CommentsView.swift */ = {isa = PBXFileReference; lastKnownFileType = sourcecode.swift; path = CommentsView.swift; sourceTree = "<group>"; };
/* End PBXFileReference section */

/* Begin PBXFrameworksBuildPhase section */
		D343747329387EA000C53E7D /* Frameworks */ = {
			isa = PBXFrameworksBuildPhase;
			buildActionMask = 2147483647;
			files = (
				44C74D8F837258D613CFF712 /* Pods_BiliMonitor.framework in Frameworks */,
			);
			runOnlyForDeploymentPostprocessing = 0;
		};
/* End PBXFrameworksBuildPhase section */

/* Begin PBXGroup section */
		686CD11AD6955CF3F6C3E16C /* Frameworks */ = {
			isa = PBXGroup;
			children = (
				3CEDB94967E3F0B29918EF19 /* Pods_BiliMonitor.framework */,
			);
			name = Frameworks;
			sourceTree = "<group>";
		};
		778A70F884489ACC4BA085DA /* Pods */ = {
			isa = PBXGroup;
			children = (
				0EC469EB820438FBC352F366 /* Pods-BiliMonitor.debug.xcconfig */,
				3E74CDB653C5B0C8914D9C45 /* Pods-BiliMonitor.release.xcconfig */,
			);
			path = Pods;
			sourceTree = "<group>";
		};
		D343746D29387EA000C53E7D = {
			isa = PBXGroup;
			children = (
				D343747829387EA000C53E7D /* BiliMonitor */,
				D343747729387EA000C53E7D /* Products */,
				778A70F884489ACC4BA085DA /* Pods */,
				686CD11AD6955CF3F6C3E16C /* Frameworks */,
			);
			sourceTree = "<group>";
		};
		D343747729387EA000C53E7D /* Products */ = {
			isa = PBXGroup;
			children = (
				D343747629387EA000C53E7D /* BiliMonitor.app */,
			);
			name = Products;
			sourceTree = "<group>";
		};
		D343747829387EA000C53E7D /* BiliMonitor */ = {
			isa = PBXGroup;
			children = (
				D3E45A5B2939BBF7002C20F2 /* Info.plist */,
				D343747929387EA000C53E7D /* BiliMonitorApp.swift */,
				D343747B29387EA000C53E7D /* ContentView.swift */,
				D3E45A5E2939F18C002C20F2 /* Pages */,
				D3E45A592939AE0C002C20F2 /* ColorUtil.swift */,
				D30EE16A293B65FE00AB79BD /* TimeUtil.swift */,
				D34374892938868600C53E7D /* NetManager.swift */,
				D34374872938844800C53E7D /* DynamicModel.swift */,
				D30EE168293B4B3400AB79BD /* CommentModel.swift */,
				D3E45A5C2939E77F002C20F2 /* UperModel.swift */,
				D30EE166293B469800AB79BD /* EnvModel.swift */,
				D343747D29387EA200C53E7D /* Assets.xcassets */,
				D343747F29387EA200C53E7D /* Preview Content */,
			);
			path = BiliMonitor;
			sourceTree = "<group>";
		};
		D343747F29387EA200C53E7D /* Preview Content */ = {
			isa = PBXGroup;
			children = (
				D343748029387EA200C53E7D /* Preview Assets.xcassets */,
			);
			path = "Preview Content";
			sourceTree = "<group>";
		};
		D3E45A5E2939F18C002C20F2 /* Pages */ = {
			isa = PBXGroup;
			children = (
				D3E45A5429390591002C20F2 /* DynsView.swift */,
				D3E45A5F2939F1A5002C20F2 /* CommentsView.swift */,
			);
			path = Pages;
			sourceTree = "<group>";
		};
/* End PBXGroup section */

/* Begin PBXNativeTarget section */
		D343747529387EA000C53E7D /* BiliMonitor */ = {
			isa = PBXNativeTarget;
			buildConfigurationList = D343748429387EA200C53E7D /* Build configuration list for PBXNativeTarget "BiliMonitor" */;
			buildPhases = (
				98B16B9759E53B3FE31C3E15 /* [CP] Check Pods Manifest.lock */,
				D343747229387EA000C53E7D /* Sources */,
				D343747329387EA000C53E7D /* Frameworks */,
				D343747429387EA000C53E7D /* Resources */,
				3D8E1BE82A3030120F1F4DFB /* [CP] Embed Pods Frameworks */,
			);
			buildRules = (
			);
			dependencies = (
			);
			name = BiliMonitor;
			productName = BiliMonitor;
			productReference = D343747629387EA000C53E7D /* BiliMonitor.app */;
			productType = "com.apple.product-type.application";
		};
/* End PBXNativeTarget section */

/* Begin PBXProject section */
		D343746E29387EA000C53E7D /* Project object */ = {
			isa = PBXProject;
			attributes = {
				BuildIndependentTargetsInParallel = 1;
				LastSwiftUpdateCheck = 1400;
				LastUpgradeCheck = 1400;
				TargetAttributes = {
					D343747529387EA000C53E7D = {
						CreatedOnToolsVersion = 14.0;
					};
				};
			};
			buildConfigurationList = D343747129387EA000C53E7D /* Build configuration list for PBXProject "BiliMonitor" */;
			compatibilityVersion = "Xcode 14.0";
			developmentRegion = en;
			hasScannedForEncodings = 0;
			knownRegions = (
				en,
				Base,
			);
			mainGroup = D343746D29387EA000C53E7D;
			productRefGroup = D343747729387EA000C53E7D /* Products */;
			projectDirPath = "";
			projectRoot = "";
			targets = (
				D343747529387EA000C53E7D /* BiliMonitor */,
			);
		};
/* End PBXProject section */

/* Begin PBXResourcesBuildPhase section */
		D343747429387EA000C53E7D /* Resources */ = {
			isa = PBXResourcesBuildPhase;
			buildActionMask = 2147483647;
			files = (
				D343748129387EA200C53E7D /* Preview Assets.xcassets in Resources */,
				D343747E29387EA200C53E7D /* Assets.xcassets in Resources */,
			);
			runOnlyForDeploymentPostprocessing = 0;
		};
/* End PBXResourcesBuildPhase section */

/* Begin PBXShellScriptBuildPhase section */
		3D8E1BE82A3030120F1F4DFB /* [CP] Embed Pods Frameworks */ = {
			isa = PBXShellScriptBuildPhase;
			buildActionMask = 2147483647;
			files = (
			);
			inputFileListPaths = (
				"${PODS_ROOT}/Target Support Files/Pods-BiliMonitor/Pods-BiliMonitor-frameworks-${CONFIGURATION}-input-files.xcfilelist",
			);
			name = "[CP] Embed Pods Frameworks";
			outputFileListPaths = (
				"${PODS_ROOT}/Target Support Files/Pods-BiliMonitor/Pods-BiliMonitor-frameworks-${CONFIGURATION}-output-files.xcfilelist",
			);
			runOnlyForDeploymentPostprocessing = 0;
			shellPath = /bin/sh;
			shellScript = "\"${PODS_ROOT}/Target Support Files/Pods-BiliMonitor/Pods-BiliMonitor-frameworks.sh\"\n";
			showEnvVarsInLog = 0;
		};
		98B16B9759E53B3FE31C3E15 /* [CP] Check Pods Manifest.lock */ = {
			isa = PBXShellScriptBuildPhase;
			buildActionMask = 2147483647;
			files = (
			);
			inputFileListPaths = (
			);
			inputPaths = (
				"${PODS_PODFILE_DIR_PATH}/Podfile.lock",
				"${PODS_ROOT}/Manifest.lock",
			);
			name = "[CP] Check Pods Manifest.lock";
			outputFileListPaths = (
			);
			outputPaths = (
				"$(DERIVED_FILE_DIR)/Pods-BiliMonitor-checkManifestLockResult.txt",
			);
			runOnlyForDeploymentPostprocessing = 0;
			shellPath = /bin/sh;
			shellScript = "diff \"${PODS_PODFILE_DIR_PATH}/Podfile.lock\" \"${PODS_ROOT}/Manifest.lock\" > /dev/null\nif [ $? != 0 ] ; then\n    # print error to STDERR\n    echo \"error: The sandbox is not in sync with the Podfile.lock. Run 'pod install' or update your CocoaPods installation.\" >&2\n    exit 1\nfi\n# This output is used by Xcode 'outputs' to avoid re-running this script phase.\necho \"SUCCESS\" > \"${SCRIPT_OUTPUT_FILE_0}\"\n";
			showEnvVarsInLog = 0;
		};
/* End PBXShellScriptBuildPhase section */

/* Begin PBXSourcesBuildPhase section */
		D343747229387EA000C53E7D /* Sources */ = {
			isa = PBXSourcesBuildPhase;
			buildActionMask = 2147483647;
			files = (
				D3E45A5D2939E77F002C20F2 /* UperModel.swift in Sources */,
				D343747C29387EA000C53E7D /* ContentView.swift in Sources */,
				D30EE16B293B65FE00AB79BD /* TimeUtil.swift in Sources */,
				D3E45A5529390591002C20F2 /* DynsView.swift in Sources */,
				D343748A2938868600C53E7D /* NetManager.swift in Sources */,
				D3E45A5A2939AE0C002C20F2 /* ColorUtil.swift in Sources */,
				D30EE167293B469800AB79BD /* EnvModel.swift in Sources */,
				D34374882938844800C53E7D /* DynamicModel.swift in Sources */,
				D30EE169293B4B3400AB79BD /* CommentModel.swift in Sources */,
				D3E45A602939F1A5002C20F2 /* CommentsView.swift in Sources */,
				D343747A29387EA000C53E7D /* BiliMonitorApp.swift in Sources */,
			);
			runOnlyForDeploymentPostprocessing = 0;
		};
/* End PBXSourcesBuildPhase section */

/* Begin XCBuildConfiguration section */
		D343748229387EA200C53E7D /* Debug */ = {
			isa = XCBuildConfiguration;
			buildSettings = {
				ALWAYS_SEARCH_USER_PATHS = NO;
				CLANG_ANALYZER_NONNULL = YES;
				CLANG_ANALYZER_NUMBER_OBJECT_CONVERSION = YES_AGGRESSIVE;
				CLANG_CXX_LANGUAGE_STANDARD = "gnu++20";
				CLANG_ENABLE_MODULES = YES;
				CLANG_ENABLE_OBJC_ARC = YES;
				CLANG_ENABLE_OBJC_WEAK = YES;
				CLANG_WARN_BLOCK_CAPTURE_AUTORELEASING = YES;
				CLANG_WARN_BOOL_CONVERSION = YES;
				CLANG_WARN_COMMA = YES;
				CLANG_WARN_CONSTANT_CONVERSION = YES;
				CLANG_WARN_DEPRECATED_OBJC_IMPLEMENTATIONS = YES;
				CLANG_WARN_DIRECT_OBJC_ISA_USAGE = YES_ERROR;
				CLANG_WARN_DOCUMENTATION_COMMENTS = YES;
				CLANG_WARN_EMPTY_BODY = YES;
				CLANG_WARN_ENUM_CONVERSION = YES;
				CLANG_WARN_INFINITE_RECURSION = YES;
				CLANG_WARN_INT_CONVERSION = YES;
				CLANG_WARN_NON_LITERAL_NULL_CONVERSION = YES;
				CLANG_WARN_OBJC_IMPLICIT_RETAIN_SELF = YES;
				CLANG_WARN_OBJC_LITERAL_CONVERSION = YES;
				CLANG_WARN_OBJC_ROOT_CLASS = YES_ERROR;
				CLANG_WARN_QUOTED_INCLUDE_IN_FRAMEWORK_HEADER = YES;
				CLANG_WARN_RANGE_LOOP_ANALYSIS = YES;
				CLANG_WARN_STRICT_PROTOTYPES = YES;
				CLANG_WARN_SUSPICIOUS_MOVE = YES;
				CLANG_WARN_UNGUARDED_AVAILABILITY = YES_AGGRESSIVE;
				CLANG_WARN_UNREACHABLE_CODE = YES;
				CLANG_WARN__DUPLICATE_METHOD_MATCH = YES;
				COPY_PHASE_STRIP = NO;
				DEBUG_INFORMATION_FORMAT = dwarf;
				ENABLE_STRICT_OBJC_MSGSEND = YES;
				ENABLE_TESTABILITY = YES;
				GCC_C_LANGUAGE_STANDARD = gnu11;
				GCC_DYNAMIC_NO_PIC = NO;
				GCC_NO_COMMON_BLOCKS = YES;
				GCC_OPTIMIZATION_LEVEL = 0;
				GCC_PREPROCESSOR_DEFINITIONS = (
					"DEBUG=1",
					"$(inherited)",
				);
				GCC_WARN_64_TO_32_BIT_CONVERSION = YES;
				GCC_WARN_ABOUT_RETURN_TYPE = YES_ERROR;
				GCC_WARN_UNDECLARED_SELECTOR = YES;
				GCC_WARN_UNINITIALIZED_AUTOS = YES_AGGRESSIVE;
				GCC_WARN_UNUSED_FUNCTION = YES;
				GCC_WARN_UNUSED_VARIABLE = YES;
				IPHONEOS_DEPLOYMENT_TARGET = 14.0;
				MACOSX_DEPLOYMENT_TARGET = 11.0;
				MTL_ENABLE_DEBUG_INFO = INCLUDE_SOURCE;
				MTL_FAST_MATH = YES;
				ONLY_ACTIVE_ARCH = YES;
				SDKROOT = iphoneos;
				SWIFT_ACTIVE_COMPILATION_CONDITIONS = DEBUG;
				SWIFT_OPTIMIZATION_LEVEL = "-Onone";
			};
			name = Debug;
		};
		D343748329387EA200C53E7D /* Release */ = {
			isa = XCBuildConfiguration;
			buildSettings = {
				ALWAYS_SEARCH_USER_PATHS = NO;
				CLANG_ANALYZER_NONNULL = YES;
				CLANG_ANALYZER_NUMBER_OBJECT_CONVERSION = YES_AGGRESSIVE;
				CLANG_CXX_LANGUAGE_STANDARD = "gnu++20";
				CLANG_ENABLE_MODULES = YES;
				CLANG_ENABLE_OBJC_ARC = YES;
				CLANG_ENABLE_OBJC_WEAK = YES;
				CLANG_WARN_BLOCK_CAPTURE_AUTORELEASING = YES;
				CLANG_WARN_BOOL_CONVERSION = YES;
				CLANG_WARN_COMMA = YES;
				CLANG_WARN_CONSTANT_CONVERSION = YES;
				CLANG_WARN_DEPRECATED_OBJC_IMPLEMENTATIONS = YES;
				CLANG_WARN_DIRECT_OBJC_ISA_USAGE = YES_ERROR;
				CLANG_WARN_DOCUMENTATION_COMMENTS = YES;
				CLANG_WARN_EMPTY_BODY = YES;
				CLANG_WARN_ENUM_CONVERSION = YES;
				CLANG_WARN_INFINITE_RECURSION = YES;
				CLANG_WARN_INT_CONVERSION = YES;
				CLANG_WARN_NON_LITERAL_NULL_CONVERSION = YES;
				CLANG_WARN_OBJC_IMPLICIT_RETAIN_SELF = YES;
				CLANG_WARN_OBJC_LITERAL_CONVERSION = YES;
				CLANG_WARN_OBJC_ROOT_CLASS = YES_ERROR;
				CLANG_WARN_QUOTED_INCLUDE_IN_FRAMEWORK_HEADER = YES;
				CLANG_WARN_RANGE_LOOP_ANALYSIS = YES;
				CLANG_WARN_STRICT_PROTOTYPES = YES;
				CLANG_WARN_SUSPICIOUS_MOVE = YES;
				CLANG_WARN_UNGUARDED_AVAILABILITY = YES_AGGRESSIVE;
				CLANG_WARN_UNREACHABLE_CODE = YES;
				CLANG_WARN__DUPLICATE_METHOD_MATCH = YES;
				COPY_PHASE_STRIP = NO;
				DEBUG_INFORMATION_FORMAT = "dwarf-with-dsym";
				ENABLE_NS_ASSERTIONS = NO;
				ENABLE_STRICT_OBJC_MSGSEND = YES;
				GCC_C_LANGUAGE_STANDARD = gnu11;
				GCC_NO_COMMON_BLOCKS = YES;
				GCC_WARN_64_TO_32_BIT_CONVERSION = YES;
				GCC_WARN_ABOUT_RETURN_TYPE = YES_ERROR;
				GCC_WARN_UNDECLARED_SELECTOR = YES;
				GCC_WARN_UNINITIALIZED_AUTOS = YES_AGGRESSIVE;
				GCC_WARN_UNUSED_FUNCTION = YES;
				GCC_WARN_UNUSED_VARIABLE = YES;
				IPHONEOS_DEPLOYMENT_TARGET = 14.0;
				MACOSX_DEPLOYMENT_TARGET = 11.0;
				MTL_ENABLE_DEBUG_INFO = NO;
				MTL_FAST_MATH = YES;
				SDKROOT = iphoneos;
				SWIFT_COMPILATION_MODE = wholemodule;
				SWIFT_OPTIMIZATION_LEVEL = "-O";
				VALIDATE_PRODUCT = YES;
			};
			name = Release;
		};
		D343748529387EA200C53E7D /* Debug */ = {
			isa = XCBuildConfiguration;
			baseConfigurationReference = 0EC469EB820438FBC352F366 /* Pods-BiliMonitor.debug.xcconfig */;
			buildSettings = {
				ASSETCATALOG_COMPILER_APPICON_NAME = AppIcon;
				ASSETCATALOG_COMPILER_GLOBAL_ACCENT_COLOR_NAME = AccentColor;
				CODE_SIGN_STYLE = Automatic;
				CURRENT_PROJECT_VERSION = 1;
				DEVELOPMENT_ASSET_PATHS = "\"BiliMonitor/Preview Content\"";
				DEVELOPMENT_TEAM = F4TG859N3A;
				ENABLE_PREVIEWS = YES;
				GENERATE_INFOPLIST_FILE = YES;
				INFOPLIST_FILE = BiliMonitor/Info.plist;
				INFOPLIST_KEY_UIApplicationSceneManifest_Generation = YES;
				INFOPLIST_KEY_UIApplicationSupportsIndirectInputEvents = YES;
				INFOPLIST_KEY_UILaunchScreen_Generation = YES;
				INFOPLIST_KEY_UISupportedInterfaceOrientations_iPad = "UIInterfaceOrientationPortrait UIInterfaceOrientationPortraitUpsideDown UIInterfaceOrientationLandscapeLeft UIInterfaceOrientationLandscapeRight";
				INFOPLIST_KEY_UISupportedInterfaceOrientations_iPhone = "UIInterfaceOrientationPortrait UIInterfaceOrientationLandscapeLeft UIInterfaceOrientationLandscapeRight";
				INFOPLIST_KEY_UIUserInterfaceStyle = Light;
				IPHONEOS_DEPLOYMENT_TARGET = 14.0;
				LD_RUNPATH_SEARCH_PATHS = (
					"$(inherited)",
					"@executable_path/Frameworks",
				);
				MACOSX_DEPLOYMENT_TARGET = 12.0;
				MARKETING_VERSION = 1.0;
				PRODUCT_BUNDLE_IDENTIFIER = xixixii.BiliMonitor;
				PRODUCT_NAME = "$(TARGET_NAME)";
				SUPPORTED_PLATFORMS = "iphoneos iphonesimulator macosx";
				SUPPORTS_MACCATALYST = NO;
				SUPPORTS_MAC_DESIGNED_FOR_IPHONE_IPAD = NO;
				SWIFT_EMIT_LOC_STRINGS = YES;
				SWIFT_VERSION = 5.0;
				TARGETED_DEVICE_FAMILY = 1;
			};
			name = Debug;
		};
		D343748629387EA200C53E7D /* Release */ = {
			isa = XCBuildConfiguration;
			baseConfigurationReference = 3E74CDB653C5B0C8914D9C45 /* Pods-BiliMonitor.release.xcconfig */;
			buildSettings = {
				ASSETCATALOG_COMPILER_APPICON_NAME = AppIcon;
				ASSETCATALOG_COMPILER_GLOBAL_ACCENT_COLOR_NAME = AccentColor;
				CODE_SIGN_STYLE = Automatic;
				CURRENT_PROJECT_VERSION = 1;
				DEVELOPMENT_ASSET_PATHS = "\"BiliMonitor/Preview Content\"";
				DEVELOPMENT_TEAM = F4TG859N3A;
				ENABLE_PREVIEWS = YES;
				GENERATE_INFOPLIST_FILE = YES;
				INFOPLIST_FILE = BiliMonitor/Info.plist;
				INFOPLIST_KEY_UIApplicationSceneManifest_Generation = YES;
				INFOPLIST_KEY_UIApplicationSupportsIndirectInputEvents = YES;
				INFOPLIST_KEY_UILaunchScreen_Generation = YES;
				INFOPLIST_KEY_UISupportedInterfaceOrientations_iPad = "UIInterfaceOrientationPortrait UIInterfaceOrientationPortraitUpsideDown UIInterfaceOrientationLandscapeLeft UIInterfaceOrientationLandscapeRight";
				INFOPLIST_KEY_UISupportedInterfaceOrientations_iPhone = "UIInterfaceOrientationPortrait UIInterfaceOrientationLandscapeLeft UIInterfaceOrientationLandscapeRight";
				INFOPLIST_KEY_UIUserInterfaceStyle = Light;
				IPHONEOS_DEPLOYMENT_TARGET = 14.0;
				LD_RUNPATH_SEARCH_PATHS = (
					"$(inherited)",
					"@executable_path/Frameworks",
				);
				MACOSX_DEPLOYMENT_TARGET = 12.0;
				MARKETING_VERSION = 1.0;
				PRODUCT_BUNDLE_IDENTIFIER = xixixii.BiliMonitor;
				PRODUCT_NAME = "$(TARGET_NAME)";
				SUPPORTED_PLATFORMS = "iphoneos iphonesimulator macosx";
				SUPPORTS_MACCATALYST = NO;
				SUPPORTS_MAC_DESIGNED_FOR_IPHONE_IPAD = NO;
				SWIFT_EMIT_LOC_STRINGS = YES;
				SWIFT_VERSION = 5.0;
				TARGETED_DEVICE_FAMILY = 1;
			};
			name = Release;
		};
/* End XCBuildConfiguration section */

/* Begin XCConfigurationList section */
		D343747129387EA000C53E7D /* Build configuration list for PBXProject "BiliMonitor" */ = {
			isa = XCConfigurationList;
			buildConfigurations = (
				D343748229387EA200C53E7D /* Debug */,
				D343748329387EA200C53E7D /* Release */,
			);
			defaultConfigurationIsVisible = 0;
			defaultConfigurationName = Release;
		};
		D343748429387EA200C53E7D /* Build configuration list for PBXNativeTarget "BiliMonitor" */ = {
			isa = XCConfigurationList;
			buildConfigurations = (
				D343748529387EA200C53E7D /* Debug */,
				D343748629387EA200C53E7D /* Release */,
			);
			defaultConfigurationIsVisible = 0;
			defaultConfigurationName = Release;
		};
/* End XCConfigurationList section */
	};
	rootObject = D343746E29387EA000C53E7D /* Project object */;
}
